
Microsoft Visual Studio Solution File, Format Version 12.00
# Visual Studio Version 17
VisualStudioVersion = 17.7.34018.315
MinimumVisualStudioVersion = 10.0.40219.1
Project("{FAE04EC0-301F-11D3-BF4B-00C04F79EFBC}") = "McpCs", "McpCs\McpCs.csproj", "{A80A5441-D15D-4C2A-BA01-8C7602CAF690}"
EndProject
Global
	GlobalSection(SolutionConfigurationPlatforms) = preSolution
		Debug|Any CPU = Debug|Any CPU
		Release|Any CPU = Release|Any CPU
	EndGlobalSection
	GlobalSection(ProjectConfigurationPlatforms) = postSolution
		{A80A5441-D15D-4C2A-BA01-8C7602CAF690}.Debug|Any CPU.ActiveCfg = Debug|Any CPU
		{A80A5441-D15D-4C2A-BA01-8C7602CAF690}.Debug|Any CPU.Build.0 = Debug|Any CPU
		{A80A5441-D15D-4C2A-BA01-8C7602CAF690}.Release|Any CPU.ActiveCfg = Release|Any CPU
		{A80A5441-D15D-4C2A-BA01-8C7602CAF690}.Release|Any CPU.Build.0 = Release|Any CPU
	EndGlobalSection
	GlobalSection(SolutionProperties) = preSolution
		HideSolutionNode = FALSE
	EndGlobalSection
	GlobalSection(ExtensibilityGlobals) = postSolution
		SolutionGuid = {56A24371-CEE2-4B74-AD4C-A69749EF1AF7}
	EndGlobalSection
EndGlobal
