
Microsoft Visual Studio Solution File, Format Version 12.00
# Visual Studio Version 17
VisualStudioVersion = 17.0.32014.148
MinimumVisualStudioVersion = 10.0.40219.1
Project("{FAE04EC0-301F-11D3-BF4B-00C04F79EFBC}") = "PetShopCs", "PetShopCs.csproj", "{ED7551D3-DE36-43DD-808C-E241863D3C79}"
EndProject
Global
	GlobalSection(SolutionConfigurationPlatforms) = preSolution
		Debug|Any CPU = Debug|Any CPU
		Release|Any CPU = Release|Any CPU
	EndGlobalSection
	GlobalSection(ProjectConfigurationPlatforms) = postSolution
		{ED7551D3-DE36-43DD-808C-E241863D3C79}.Debug|Any CPU.ActiveCfg = Debug|Any CPU
		{ED7551D3-DE36-43DD-808C-E241863D3C79}.Debug|Any CPU.Build.0 = Debug|Any CPU
		{ED7551D3-DE36-43DD-808C-E241863D3C79}.Release|Any CPU.ActiveCfg = Release|Any CPU
		{ED7551D3-DE36-43DD-808C-E241863D3C79}.Release|Any CPU.Build.0 = Release|Any CPU
	EndGlobalSection
	GlobalSection(SolutionProperties) = preSolution
		HideSolutionNode = FALSE
	EndGlobalSection
	GlobalSection(ExtensibilityGlobals) = postSolution
		SolutionGuid = {92AE7F94-7D76-4765-9C7E-9952153B3718}
	EndGlobalSection
EndGlobal
